
Microsoft Visual Studio Solution File, Format Version 12.00
# Visual Studio Version 16
VisualStudioVersion = 16.0.30204.135
MinimumVisualStudioVersion = 10.0.40219.1
Project("{FAE04EC0-301F-11D3-BF4B-00C04F79EFBC}") = "AppConfig", "AppConfig.csproj", "{3451D897-DAEF-4112-8597-625F768EF753}"
EndProject
Global
	GlobalSection(SolutionConfigurationPlatforms) = preSolution
		Debug|Any CPU = Debug|Any CPU
		Release|Any CPU = Release|Any CPU
	EndGlobalSection
	GlobalSection(ProjectConfigurationPlatforms) = postSolution
		{3451D897-DAEF-4112-8597-625F768EF753}.Debug|Any CPU.ActiveCfg = Debug|Any CPU
		{3451D897-DAEF-4112-8597-625F768EF753}.Debug|Any CPU.Build.0 = Debug|Any CPU
		{3451D897-DAEF-4112-8597-625F768EF753}.Release|Any CPU.ActiveCfg = Release|Any CPU
		{3451D897-DAEF-4112-8597-625F768EF753}.Release|Any CPU.Build.0 = Release|Any CPU
	EndGlobalSection
	GlobalSection(SolutionProperties) = preSolution
		HideSolutionNode = FALSE
	EndGlobalSection
	GlobalSection(ExtensibilityGlobals) = postSolution
		SolutionGuid = {9D224C7F-61A1-403F-ABAB-E90C0966E182}
	EndGlobalSection
EndGlobal
