
Microsoft Visual Studio Solution File, Format Version 12.00
# Visual Studio Version 16
VisualStudioVersion = 16.0.28803.202
MinimumVisualStudioVersion = 10.0.40219.1
Project("{FAE04EC0-301F-11D3-BF4B-00C04F79EFBC}") = "lab6", "lab6\lab6.csproj", "{E67A7262-CEB0-4483-AAE4-50DFBA8FFF1A}"
EndProject
Project("{FAE04EC0-301F-11D3-BF4B-00C04F79EFBC}") = "ListTablets", "ListTablets\ListTablets.csproj", "{A3B9EDEA-D08D-4F9D-AC77-C0756C289D2A}"
EndProject
Global
	GlobalSection(SolutionConfigurationPlatforms) = preSolution
		Debug|Any CPU = Debug|Any CPU
		Release|Any CPU = Release|Any CPU
	EndGlobalSection
	GlobalSection(ProjectConfigurationPlatforms) = postSolution
		{E67A7262-CEB0-4483-AAE4-50DFBA8FFF1A}.Debug|Any CPU.ActiveCfg = Debug|Any CPU
		{E67A7262-CEB0-4483-AAE4-50DFBA8FFF1A}.Debug|Any CPU.Build.0 = Debug|Any CPU
		{E67A7262-CEB0-4483-AAE4-50DFBA8FFF1A}.Release|Any CPU.ActiveCfg = Release|Any CPU
		{E67A7262-CEB0-4483-AAE4-50DFBA8FFF1A}.Release|Any CPU.Build.0 = Release|Any CPU
		{A3B9EDEA-D08D-4F9D-AC77-C0756C289D2A}.Debug|Any CPU.ActiveCfg = Debug|Any CPU
		{A3B9EDEA-D08D-4F9D-AC77-C0756C289D2A}.Debug|Any CPU.Build.0 = Debug|Any CPU
		{A3B9EDEA-D08D-4F9D-AC77-C0756C289D2A}.Release|Any CPU.ActiveCfg = Release|Any CPU
		{A3B9EDEA-D08D-4F9D-AC77-C0756C289D2A}.Release|Any CPU.Build.0 = Release|Any CPU
	EndGlobalSection
	GlobalSection(SolutionProperties) = preSolution
		HideSolutionNode = FALSE
	EndGlobalSection
	GlobalSection(ExtensibilityGlobals) = postSolution
		SolutionGuid = {EF3A4F20-5569-4E62-93DB-CBD4DD91AB4D}
	EndGlobalSection
EndGlobal
